
Microsoft Visual Studio Solution File, Format Version 12.00
# Visual Studio Version 16
VisualStudioVersion = 16.0.31702.278
MinimumVisualStudioVersion = 10.0.40219.1
Project("{9A19103F-16F7-4668-BE54-9A1E7A4F7556}") = "EightPuzzle", "EightPuzzle\EightPuzzle.csproj", "{2DA66785-A234-4A6B-8143-39EF0DDBA8CC}"
EndProject
Global
	GlobalSection(SolutionConfigurationPlatforms) = preSolution
		Debug|Any CPU = Debug|Any CPU
		Release|Any CPU = Release|Any CPU
	EndGlobalSection
	GlobalSection(ProjectConfigurationPlatforms) = postSolution
		{2DA66785-A234-4A6B-8143-39EF0DDBA8CC}.Debug|Any CPU.ActiveCfg = Debug|Any CPU
		{2DA66785-A234-4A6B-8143-39EF0DDBA8CC}.Debug|Any CPU.Build.0 = Debug|Any CPU
		{2DA66785-A234-4A6B-8143-39EF0DDBA8CC}.Release|Any CPU.ActiveCfg = Release|Any CPU
		{2DA66785-A234-4A6B-8143-39EF0DDBA8CC}.Release|Any CPU.Build.0 = Release|Any CPU
	EndGlobalSection
	GlobalSection(SolutionProperties) = preSolution
		HideSolutionNode = FALSE
	EndGlobalSection
	GlobalSection(ExtensibilityGlobals) = postSolution
		SolutionGuid = {0CABAED1-A989-4180-B279-D0F0E064B070}
	EndGlobalSection
EndGlobal
